
Microsoft Visual Studio Solution File, Format Version 12.00
# Visual Studio Version 17
VisualStudioVersion = 17.6.33829.357
MinimumVisualStudioVersion = 10.0.40219.1
Project("{FAE04EC0-301F-11D3-BF4B-00C04F79EFBC}") = "insurance-backend", "insurance-backend.csproj", "{D75F5184-725D-4261-B3A5-CD3AF4DD51CB}"
EndProject
Global
	GlobalSection(SolutionConfigurationPlatforms) = preSolution
		Debug|Any CPU = Debug|Any CPU
		Release|Any CPU = Release|Any CPU
	EndGlobalSection
	GlobalSection(ProjectConfigurationPlatforms) = postSolution
		{D75F5184-725D-4261-B3A5-CD3AF4DD51CB}.Debug|Any CPU.ActiveCfg = Debug|Any CPU
		{D75F5184-725D-4261-B3A5-CD3AF4DD51CB}.Debug|Any CPU.Build.0 = Debug|Any CPU
		{D75F5184-725D-4261-B3A5-CD3AF4DD51CB}.Release|Any CPU.ActiveCfg = Release|Any CPU
		{D75F5184-725D-4261-B3A5-CD3AF4DD51CB}.Release|Any CPU.Build.0 = Release|Any CPU
	EndGlobalSection
	GlobalSection(SolutionProperties) = preSolution
		HideSolutionNode = FALSE
	EndGlobalSection
	GlobalSection(ExtensibilityGlobals) = postSolution
		SolutionGuid = {8AAEFE55-5831-47EA-A8CE-7CF2131A28EA}
	EndGlobalSection
EndGlobal
